hash: 0e7ffe89eae8523845f3a8032988c19c6560fb224981a0b81ae8769aa8cbea4a
updated: 2017-06-05T18:07:05.661730675-07:00
imports:
- name: github.com/aakselrod/btctestlog
  version: 0d2cd69a47eb61cfb6386d4a960af491152fd53d
- name: github.com/aead/siphash
  version: e404fcfc888570cadd1610538e2dbc89f66af814
- name: github.com/boltdb/bolt
  version: 583e8937c61f1af6513608ccc75c97b6abdf4ff9
- name: github.com/btcsuite/btclog
  version: 73889fb79bd687870312b6e40effcecffbd57d30
- name: github.com/btcsuite/fastsha256
  version: 637e656429416087660c84436a2a035d69d54e2e
- name: github.com/btcsuite/go-socks
  version: 4720035b7bfd2a9bb130b1c184f8bbe41b6f0d0f
  subpackages:
  - socks
- name: github.com/btcsuite/golangcrypto
  version: 53f62d9b43e87a6c56975cf862af7edf33a8d0df
  subpackages:
  - nacl/secretbox
  - pbkdf2
  - poly1305
  - ripemd160
  - salsa20/salsa
  - scrypt
  - ssh/terminal
- name: github.com/btcsuite/seelog
  version: 313961b101eb55f65ae0f03ddd4e322731763b6c
- name: github.com/btcsuite/websocket
  version: 31079b6807923eb23992c421b114992b95131b55
- name: github.com/davecgh/go-spew
  version: 346938d642f2ec3594ed81d874461961cd0faa76
  subpackages:
  - spew
- name: github.com/golang/protobuf
  version: fec3b39b059c0f88fa6b20f5ed012b1aa203a8b4
  subpackages:
  - proto
- name: github.com/jessevdk/go-flags
  version: 1679536dcc895411a9f5848d9a0250be7856448c
- name: github.com/kkdai/bstream
  version: f391b8402d23024e7c0f624b31267a89998fca95
- name: github.com/roasbeef/btcd
  version: 4d38357cee3ed3843cd81a347e1573f037e0301e
  subpackages:
  - addrmgr
  - blockchain
  - btcec
  - btcjson
  - chaincfg
  - chaincfg/chainhash
  - connmgr
  - database
  - peer
  - rpctest
  - txscript
  - wire
- name: github.com/roasbeef/btcrpcclient
  version: 9a7826550df8071460e2f5dd6ed9139dcbf260b8
- name: github.com/roasbeef/btcutil
  version: 9dedd698f8c71bde3d1466d7117f538472bb79e4
  subpackages:
  - base58
  - gcs
  - gcs/builder
  - hdkeychain
- name: github.com/roasbeef/btcwallet
  version: 619ff8707c1d656061ab68db882205c4f63e19df
  subpackages:
  - internal/helpers
  - internal/zero
  - snacl
  - waddrmgr
  - wallet/internal/txsizes
  - wallet/txauthor
  - wallet/txrules
  - walletdb
  - walletdb/bdb
- name: golang.org/x/net
  version: 513929065c19401a1c7b76ecd942f9f86a0c061b
  subpackages:
  - context
- name: golang.org/x/sys
  version: e62c3de784db939836898e5c19ffd41bece347da
  subpackages:
  - unix
- name: google.golang.org/grpc
  version: b7f1379d3cbbbeb2ca3405852012e237aa05459e
  subpackages:
  - codes
  - credentials
  - grpclog
testImports: []
