# This file is autogenerated, do not edit; changes may be undone by the next 'dep ensure'.


[[projects]]
  branch = "master"
  name = "github.com/aead/siphash"
  packages = ["."]
  revision = "e404fcfc888570cadd1610538e2dbc89f66af814"

[[projects]]
  name = "github.com/btcsuite/btcd"
  packages = [
    "addrmgr",
    "blockchain",
    "btcec",
    "btcjson",
    "chaincfg",
    "chaincfg/chainhash",
    "connmgr",
    "database",
    "integration/rpctest",
    "peer",
    "rpcclient",
    "txscript",
    "wire"
  ]
  revision = "991d32e72fe84d5fbf9c47cd604d793a0cd3a072"

[[projects]]
  branch = "master"
  name = "github.com/btcsuite/btclog"
  packages = ["."]
  revision = "84c8d2346e9fc8c7b947e243b9c24e6df9fd206a"

[[projects]]
  name = "github.com/btcsuite/btcutil"
  packages = [
    ".",
    "base58",
    "bech32",
    "gcs",
    "gcs/builder",
    "hdkeychain"
  ]
  revision = "d4cc87b860166d00d6b5b9e0d3b3d71d6088d4d4"

[[projects]]
  name = "github.com/btcsuite/btcwallet"
  packages = [
    "internal/helpers",
    "internal/zero",
    "snacl",
    "waddrmgr",
    "wallet/internal/txsizes",
    "wallet/txauthor",
    "wallet/txrules",
    "walletdb",
    "walletdb/bdb"
  ]
  revision = "74a7124666b49cd7e67da87c61169f4fb83fbd73"

[[projects]]
  branch = "master"
  name = "github.com/btcsuite/go-socks"
  packages = ["socks"]
  revision = "4720035b7bfd2a9bb130b1c184f8bbe41b6f0d0f"

[[projects]]
  branch = "master"
  name = "github.com/btcsuite/golangcrypto"
  packages = [
    "nacl/secretbox",
    "pbkdf2",
    "poly1305",
    "salsa20/salsa",
    "scrypt"
  ]
  revision = "53f62d9b43e87a6c56975cf862af7edf33a8d0df"

[[projects]]
  branch = "master"
  name = "github.com/btcsuite/websocket"
  packages = ["."]
  revision = "31079b6807923eb23992c421b114992b95131b55"

[[projects]]
  name = "github.com/coreos/bbolt"
  packages = ["."]
  revision = "4f5275f4ebbf6fe7cb772de987fa96ee674460a7"

[[projects]]
  branch = "master"
  name = "github.com/davecgh/go-spew"
  packages = ["spew"]
  revision = "8991bc29aa16c548c550c7ff78260e27b9ab7c73"

[[projects]]
  branch = "master"
  name = "github.com/kkdai/bstream"
  packages = ["."]
  revision = "f71540b9dfdcfe64dbf2818e9b66423c6aafcacd"

[[projects]]
  name = "golang.org/x/crypto"
  packages = ["ripemd160"]
  revision = "75e913eb8a8e3d31a97b216de09de106a7b07681"

[[projects]]
  name = "golang.org/x/sys"
  packages = ["unix"]
  revision = "77b0e4315053a57ed2962443614bdb28db152054"

[solve-meta]
  analyzer-name = "dep"
  analyzer-version = 1
  inputs-digest = "32df319330873a4a8b5b4f972772e20423e7f3b09e654b0acdcf312326d14b65"
  solver-name = "gps-cdcl"
  solver-version = 1
